
Microsoft Visual Studio Solution File, Format Version 12.00
# Visual Studio Version 17
VisualStudioVersion = 17.7.34221.43
MinimumVisualStudioVersion = 10.0.40219.1
Project("{FAE04EC0-301F-11D3-BF4B-00C04F79EFBC}") = "CVShelper", "CVShelper\CVShelper.csproj", "{02FDB7C0-5251-40D4-8E57-9C9FEF5511ED}"
EndProject
Global
	GlobalSection(SolutionConfigurationPlatforms) = preSolution
		Debug|Any CPU = Debug|Any CPU
		Release|Any CPU = Release|Any CPU
	EndGlobalSection
	GlobalSection(ProjectConfigurationPlatforms) = postSolution
		{02FDB7C0-5251-40D4-8E57-9C9FEF5511ED}.Debug|Any CPU.ActiveCfg = Debug|Any CPU
		{02FDB7C0-5251-40D4-8E57-9C9FEF5511ED}.Debug|Any CPU.Build.0 = Debug|Any CPU
		{02FDB7C0-5251-40D4-8E57-9C9FEF5511ED}.Release|Any CPU.ActiveCfg = Release|Any CPU
		{02FDB7C0-5251-40D4-8E57-9C9FEF5511ED}.Release|Any CPU.Build.0 = Release|Any CPU
	EndGlobalSection
	GlobalSection(SolutionProperties) = preSolution
		HideSolutionNode = FALSE
	EndGlobalSection
	GlobalSection(ExtensibilityGlobals) = postSolution
		SolutionGuid = {12CAAB09-BA05-494A-B93C-777CC977EC48}
	EndGlobalSection
EndGlobal
